{
  "name": "ant-mini-program-demo",
  "version": "1.0.0",
  "lockfileVersion": 1,
  "requires": true,
  "dependencies": {
    "mini-antui": {
      "version": "0.4.29",
      "resolved": "https://registry.npm.taobao.org/mini-antui/download/mini-antui-0.4.29.tgz",
      "integrity": "sha1-Azqy5E7lPcTbJf7GXk3pTazCPZM="
    }
  }
}
